// !$*UTF8*$!
{
	archiveVersion = 1;
	classes = {
	};
	objectVersion = 56;
	objects = {

/* Begin PBXBuildFile section */
		53DB36360E042076B7BD23E2 /* Pods_TeachMeWeather_TeachMeWeatherUITests.framework in Frameworks */ = {isa = PBXBuildFile; fileRef = 7ABA1494273C33290DF48DB6 /* Pods_TeachMeWeather_TeachMeWeatherUITests.framework */; };
		5DD86CD72B2D44F802DB20CF /* Pods_TeachMeWeather.framework in Frameworks */ = {isa = PBXBuildFile; fileRef = 87995B8F6BAF3ED91B2982A5 /* Pods_TeachMeWeather.framework */; };
		66654565451BD912BC0D1E34 /* Pods_TeachMeWeatherTests.framework in Frameworks */ = {isa = PBXBuildFile; fileRef = C8EE58AB5F04CF083AEF96B5 /* Pods_TeachMeWeatherTests.framework */; };
		E1B213F62A3C2F350073C409 /* AppDelegate.swift in Sources */ = {isa = PBXBuildFile; fileRef = E1B213F52A3C2F350073C409 /* AppDelegate.swift */; };
		E1B213F82A3C2F350073C409 /* SceneDelegate.swift in Sources */ = {isa = PBXBuildFile; fileRef = E1B213F72A3C2F350073C409 /* SceneDelegate.swift */; };
		E1B213FA2A3C2F350073C409 /* ViewController.swift in Sources */ = {isa = PBXBuildFile; fileRef = E1B213F92A3C2F350073C409 /* ViewController.swift */; };
		E1B213FD2A3C2F350073C409 /* Main.storyboard in Resources */ = {isa = PBXBuildFile; fileRef = E1B213FB2A3C2F350073C409 /* Main.storyboard */; };
		E1B214002A3C2F350073C409 /* TeachMeWeather.xcdatamodeld in Sources */ = {isa = PBXBuildFile; fileRef = E1B213FE2A3C2F350073C409 /* TeachMeWeather.xcdatamodeld */; };
		E1B214022A3C2F360073C409 /* Assets.xcassets in Resources */ = {isa = PBXBuildFile; fileRef = E1B214012A3C2F360073C409 /* Assets.xcassets */; };
		E1B214052A3C2F360073C409 /* LaunchScreen.storyboard in Resources */ = {isa = PBXBuildFile; fileRef = E1B214032A3C2F360073C409 /* LaunchScreen.storyboard */; };
		E1B214102A3C2F360073C409 /* TeachMeWeatherTests.swift in Sources */ = {isa = PBXBuildFile; fileRef = E1B2140F2A3C2F360073C409 /* TeachMeWeatherTests.swift */; };
		E1B2141A2A3C2F360073C409 /* TeachMeWeatherUITests.swift in Sources */ = {isa = PBXBuildFile; fileRef = E1B214192A3C2F360073C409 /* TeachMeWeatherUITests.swift */; };
		E1B2141C2A3C2F360073C409 /* TeachMeWeatherUITestsLaunchTests.swift in Sources */ = {isa = PBXBuildFile; fileRef = E1B2141B2A3C2F360073C409 /* TeachMeWeatherUITestsLaunchTests.swift */; };
/* End PBXBuildFile section */

/* Begin PBXContainerItemProxy section */
		E1B2140C2A3C2F360073C409 /* PBXContainerItemProxy */ = {
			isa = PBXContainerItemProxy;
			containerPortal = E1B213EA2A3C2F350073C409 /* Project object */;
			proxyType = 1;
			remoteGlobalIDString = E1B213F12A3C2F350073C409;
			remoteInfo = TeachMeWeather;
		};
		E1B214162A3C2F360073C409 /* PBXContainerItemProxy */ = {
			isa = PBXContainerItemProxy;
			containerPortal = E1B213EA2A3C2F350073C409 /* Project object */;
			proxyType = 1;
			remoteGlobalIDString = E1B213F12A3C2F350073C409;
			remoteInfo = TeachMeWeather;
		};
/* End PBXContainerItemProxy section */

/* Begin PBXFileReference section */
		361B100C22AFBEB703497381 /* Pods-TeachMeWeather-TeachMeWeatherUITests.release.xcconfig */ = {isa = PBXFileReference; includeInIndex = 1; lastKnownFileType = text.xcconfig; name = "Pods-TeachMeWeather-TeachMeWeatherUITests.release.xcconfig"; path = "Target Support Files/Pods-TeachMeWeather-TeachMeWeatherUITests/Pods-TeachMeWeather-TeachMeWeatherUITests.release.xcconfig"; sourceTree = "<group>"; };
		38C07FD8846BA457928E6834 /* Pods-TeachMeWeather.debug.xcconfig */ = {isa = PBXFileReference; includeInIndex = 1; lastKnownFileType = text.xcconfig; name = "Pods-TeachMeWeather.debug.xcconfig"; path = "Target Support Files/Pods-TeachMeWeather/Pods-TeachMeWeather.debug.xcconfig"; sourceTree = "<group>"; };
		67D7C6A846E70BBC4556CE8A /* Pods-TeachMeWeatherTests.debug.xcconfig */ = {isa = PBXFileReference; includeInIndex = 1; lastKnownFileType = text.xcconfig; name = "Pods-TeachMeWeatherTests.debug.xcconfig"; path = "Target Support Files/Pods-TeachMeWeatherTests/Pods-TeachMeWeatherTests.debug.xcconfig"; sourceTree = "<group>"; };
		6D18920322176C918AB0B33D /* Pods-TeachMeWeather.release.xcconfig */ = {isa = PBXFileReference; includeInIndex = 1; lastKnownFileType = text.xcconfig; name = "Pods-TeachMeWeather.release.xcconfig"; path = "Target Support Files/Pods-TeachMeWeather/Pods-TeachMeWeather.release.xcconfig"; sourceTree = "<group>"; };
		7ABA1494273C33290DF48DB6 /* Pods_TeachMeWeather_TeachMeWeatherUITests.framework */ = {isa = PBXFileReference; explicitFileType = wrapper.framework; includeInIndex = 0; path = Pods_TeachMeWeather_TeachMeWeatherUITests.framework; sourceTree = BUILT_PRODUCTS_DIR; };
		87995B8F6BAF3ED91B2982A5 /* Pods_TeachMeWeather.framework */ = {isa = PBXFileReference; explicitFileType = wrapper.framework; includeInIndex = 0; path = Pods_TeachMeWeather.framework; sourceTree = BUILT_PRODUCTS_DIR; };
		A09145B4AAB1489EDA2C5AEF /* Pods-TeachMeWeatherTests.release.xcconfig */ = {isa = PBXFileReference; includeInIndex = 1; lastKnownFileType = text.xcconfig; name = "Pods-TeachMeWeatherTests.release.xcconfig"; path = "Target Support Files/Pods-TeachMeWeatherTests/Pods-TeachMeWeatherTests.release.xcconfig"; sourceTree = "<group>"; };
		BE4824EABA1C693635B9E1A3 /* Pods-TeachMeWeather-TeachMeWeatherUITests.debug.xcconfig */ = {isa = PBXFileReference; includeInIndex = 1; lastKnownFileType = text.xcconfig; name = "Pods-TeachMeWeather-TeachMeWeatherUITests.debug.xcconfig"; path = "Target Support Files/Pods-TeachMeWeather-TeachMeWeatherUITests/Pods-TeachMeWeather-TeachMeWeatherUITests.debug.xcconfig"; sourceTree = "<group>"; };
		C8EE58AB5F04CF083AEF96B5 /* Pods_TeachMeWeatherTests.framework */ = {isa = PBXFileReference; explicitFileType = wrapper.framework; includeInIndex = 0; path = Pods_TeachMeWeatherTests.framework; sourceTree = BUILT_PRODUCTS_DIR; };
		E1B213F22A3C2F350073C409 /* TeachMeWeather.app */ = {isa = PBXFileReference; explicitFileType = wrapper.application; includeInIndex = 0; path = TeachMeWeather.app; sourceTree = BUILT_PRODUCTS_DIR; };
		E1B213F52A3C2F350073C409 /* AppDelegate.swift */ = {isa = PBXFileReference; lastKnownFileType = sourcecode.swift; path = AppDelegate.swift; sourceTree = "<group>"; };
		E1B213F72A3C2F350073C409 /* SceneDelegate.swift */ = {isa = PBXFileReference; lastKnownFileType = sourcecode.swift; path = SceneDelegate.swift; sourceTree = "<group>"; };
		E1B213F92A3C2F350073C409 /* ViewController.swift */ = {isa = PBXFileReference; lastKnownFileType = sourcecode.swift; path = ViewController.swift; sourceTree = "<group>"; };
		E1B213FC2A3C2F350073C409 /* Base */ = {isa = PBXFileReference; lastKnownFileType = file.storyboard; name = Base; path = Base.lproj/Main.storyboard; sourceTree = "<group>"; };
		E1B213FF2A3C2F350073C409 /* TeachMeWeather.xcdatamodel */ = {isa = PBXFileReference; lastKnownFileType = wrapper.xcdatamodel; path = TeachMeWeather.xcdatamodel; sourceTree = "<group>"; };
		E1B214012A3C2F360073C409 /* Assets.xcassets */ = {isa = PBXFileReference; lastKnownFileType = folder.assetcatalog; path = Assets.xcassets; sourceTree = "<group>"; };
		E1B214042A3C2F360073C409 /* Base */ = {isa = PBXFileReference; lastKnownFileType = file.storyboard; name = Base; path = Base.lproj/LaunchScreen.storyboard; sourceTree = "<group>"; };
		E1B214062A3C2F360073C409 /* Info.plist */ = {isa = PBXFileReference; lastKnownFileType = text.plist.xml; path = Info.plist; sourceTree = "<group>"; };
		E1B2140B2A3C2F360073C409 /* TeachMeWeatherTests.xctest */ = {isa = PBXFileReference; explicitFileType = wrapper.cfbundle; includeInIndex = 0; path = TeachMeWeatherTests.xctest; sourceTree = BUILT_PRODUCTS_DIR; };
		E1B2140F2A3C2F360073C409 /* TeachMeWeatherTests.swift */ = {isa = PBXFileReference; lastKnownFileType = sourcecode.swift; path = TeachMeWeatherTests.swift; sourceTree = "<group>"; };
		E1B214152A3C2F360073C409 /* TeachMeWeatherUITests.xctest */ = {isa = PBXFileReference; explicitFileType = wrapper.cfbundle; includeInIndex = 0; path = TeachMeWeatherUITests.xctest; sourceTree = BUILT_PRODUCTS_DIR; };
		E1B214192A3C2F360073C409 /* TeachMeWeatherUITests.swift */ = {isa = PBXFileReference; lastKnownFileType = sourcecode.swift; path = TeachMeWeatherUITests.swift; sourceTree = "<group>"; };
		E1B2141B2A3C2F360073C409 /* TeachMeWeatherUITestsLaunchTests.swift */ = {isa = PBXFileReference; lastKnownFileType = sourcecode.swift; path = TeachMeWeatherUITestsLaunchTests.swift; sourceTree = "<group>"; };
/* End PBXFileReference section */

/* Begin PBXFrameworksBuildPhase section */
		E1B213EF2A3C2F350073C409 /* Frameworks */ = {
			isa = PBXFrameworksBuildPhase;
			buildActionMask = 2147483647;
			files = (
				5DD86CD72B2D44F802DB20CF /* Pods_TeachMeWeather.framework in Frameworks */,
			);
			runOnlyForDeploymentPostprocessing = 0;
		};
		E1B214082A3C2F360073C409 /* Frameworks */ = {
			isa = PBXFrameworksBuildPhase;
			buildActionMask = 2147483647;
			files = (
				66654565451BD912BC0D1E34 /* Pods_TeachMeWeatherTests.framework in Frameworks */,
			);
			runOnlyForDeploymentPostprocessing = 0;
		};
		E1B214122A3C2F360073C409 /* Frameworks */ = {
			isa = PBXFrameworksBuildPhase;
			buildActionMask = 2147483647;
			files = (
				53DB36360E042076B7BD23E2 /* Pods_TeachMeWeather_TeachMeWeatherUITests.framework in Frameworks */,
			);
			runOnlyForDeploymentPostprocessing = 0;
		};
/* End PBXFrameworksBuildPhase section */

/* Begin PBXGroup section */
		09909485E628033B83F64508 /* Frameworks */ = {
			isa = PBXGroup;
			children = (
				87995B8F6BAF3ED91B2982A5 /* Pods_TeachMeWeather.framework */,
				7ABA1494273C33290DF48DB6 /* Pods_TeachMeWeather_TeachMeWeatherUITests.framework */,
				C8EE58AB5F04CF083AEF96B5 /* Pods_TeachMeWeatherTests.framework */,
			);
			name = Frameworks;
			sourceTree = "<group>";
		};
		1A770EA055A42F7499AF7083 /* Pods */ = {
			isa = PBXGroup;
			children = (
				38C07FD8846BA457928E6834 /* Pods-TeachMeWeather.debug.xcconfig */,
				6D18920322176C918AB0B33D /* Pods-TeachMeWeather.release.xcconfig */,
				BE4824EABA1C693635B9E1A3 /* Pods-TeachMeWeather-TeachMeWeatherUITests.debug.xcconfig */,
				361B100C22AFBEB703497381 /* Pods-TeachMeWeather-TeachMeWeatherUITests.release.xcconfig */,
				67D7C6A846E70BBC4556CE8A /* Pods-TeachMeWeatherTests.debug.xcconfig */,
				A09145B4AAB1489EDA2C5AEF /* Pods-TeachMeWeatherTests.release.xcconfig */,
			);
			name = Pods;
			path = Pods;
			sourceTree = "<group>";
		};
		E1B213E92A3C2F350073C409 = {
			isa = PBXGroup;
			children = (
				E1B213F42A3C2F350073C409 /* TeachMeWeather */,
				E1B2140E2A3C2F360073C409 /* TeachMeWeatherTests */,
				E1B214182A3C2F360073C409 /* TeachMeWeatherUITests */,
				E1B213F32A3C2F350073C409 /* Products */,
				1A770EA055A42F7499AF7083 /* Pods */,
				09909485E628033B83F64508 /* Frameworks */,
			);
			sourceTree = "<group>";
		};
		E1B213F32A3C2F350073C409 /* Products */ = {
			isa = PBXGroup;
			children = (
				E1B213F22A3C2F350073C409 /* TeachMeWeather.app */,
				E1B2140B2A3C2F360073C409 /* TeachMeWeatherTests.xctest */,
				E1B214152A3C2F360073C409 /* TeachMeWeatherUITests.xctest */,
			);
			name = Products;
			sourceTree = "<group>";
		};
		E1B213F42A3C2F350073C409 /* TeachMeWeather */ = {
			isa = PBXGroup;
			children = (
				E1B213F52A3C2F350073C409 /* AppDelegate.swift */,
				E1B213F72A3C2F350073C409 /* SceneDelegate.swift */,
				E1B213F92A3C2F350073C409 /* ViewController.swift */,
				E1B213FB2A3C2F350073C409 /* Main.storyboard */,
				E1B214012A3C2F360073C409 /* Assets.xcassets */,
				E1B214032A3C2F360073C409 /* LaunchScreen.storyboard */,
				E1B214062A3C2F360073C409 /* Info.plist */,
				E1B213FE2A3C2F350073C409 /* TeachMeWeather.xcdatamodeld */,
			);
			path = TeachMeWeather;
			sourceTree = "<group>";
		};
		E1B2140E2A3C2F360073C409 /* TeachMeWeatherTests */ = {
			isa = PBXGroup;
			children = (
				E1B2140F2A3C2F360073C409 /* TeachMeWeatherTests.swift */,
			);
			path = TeachMeWeatherTests;
			sourceTree = "<group>";
		};
		E1B214182A3C2F360073C409 /* TeachMeWeatherUITests */ = {
			isa = PBXGroup;
			children = (
				E1B214192A3C2F360073C409 /* TeachMeWeatherUITests.swift */,
				E1B2141B2A3C2F360073C409 /* TeachMeWeatherUITestsLaunchTests.swift */,
			);
			path = TeachMeWeatherUITests;
			sourceTree = "<group>";
		};
/* End PBXGroup section */

/* Begin PBXNativeTarget section */
		E1B213F12A3C2F350073C409 /* TeachMeWeather */ = {
			isa = PBXNativeTarget;
			buildConfigurationList = E1B2141F2A3C2F360073C409 /* Build configuration list for PBXNativeTarget "TeachMeWeather" */;
			buildPhases = (
				308C69E9CEF347DB7B8E3A35 /* [CP] Check Pods Manifest.lock */,
				E1B213EE2A3C2F350073C409 /* Sources */,
				E1B213EF2A3C2F350073C409 /* Frameworks */,
				E1B213F02A3C2F350073C409 /* Resources */,
				FECEEEA4AE5E72388FB5E759 /* [CP] Embed Pods Frameworks */,
			);
			buildRules = (
			);
			dependencies = (
			);
			name = TeachMeWeather;
			productName = TeachMeWeather;
			productReference = E1B213F22A3C2F350073C409 /* TeachMeWeather.app */;
			productType = "com.apple.product-type.application";
		};
		E1B2140A2A3C2F360073C409 /* TeachMeWeatherTests */ = {
			isa = PBXNativeTarget;
			buildConfigurationList = E1B214222A3C2F360073C409 /* Build configuration list for PBXNativeTarget "TeachMeWeatherTests" */;
			buildPhases = (
				4CA37B7E8C638E1E8BF55017 /* [CP] Check Pods Manifest.lock */,
				E1B214072A3C2F360073C409 /* Sources */,
				E1B214082A3C2F360073C409 /* Frameworks */,
				E1B214092A3C2F360073C409 /* Resources */,
			);
			buildRules = (
			);
			dependencies = (
				E1B2140D2A3C2F360073C409 /* PBXTargetDependency */,
			);
			name = TeachMeWeatherTests;
			productName = TeachMeWeatherTests;
			productReference = E1B2140B2A3C2F360073C409 /* TeachMeWeatherTests.xctest */;
			productType = "com.apple.product-type.bundle.unit-test";
		};
		E1B214142A3C2F360073C409 /* TeachMeWeatherUITests */ = {
			isa = PBXNativeTarget;
			buildConfigurationList = E1B214252A3C2F360073C409 /* Build configuration list for PBXNativeTarget "TeachMeWeatherUITests" */;
			buildPhases = (
				CE657FD66887BFC75A48E4D7 /* [CP] Check Pods Manifest.lock */,
				E1B214112A3C2F360073C409 /* Sources */,
				E1B214122A3C2F360073C409 /* Frameworks */,
				E1B214132A3C2F360073C409 /* Resources */,
				0403A3DC3A5C4ECE37AC253A /* [CP] Embed Pods Frameworks */,
			);
			buildRules = (
			);
			dependencies = (
				E1B214172A3C2F360073C409 /* PBXTargetDependency */,
			);
			name = TeachMeWeatherUITests;
			productName = TeachMeWeatherUITests;
			productReference = E1B214152A3C2F360073C409 /* TeachMeWeatherUITests.xctest */;
			productType = "com.apple.product-type.bundle.ui-testing";
		};
/* End PBXNativeTarget section */

/* Begin PBXProject section */
		E1B213EA2A3C2F350073C409 /* Project object */ = {
			isa = PBXProject;
			attributes = {
				BuildIndependentTargetsInParallel = 1;
				LastSwiftUpdateCheck = 1430;
				LastUpgradeCheck = 1430;
				TargetAttributes = {
					E1B213F12A3C2F350073C409 = {
						CreatedOnToolsVersion = 14.3.1;
					};
					E1B2140A2A3C2F360073C409 = {
						CreatedOnToolsVersion = 14.3.1;
						TestTargetID = E1B213F12A3C2F350073C409;
					};
					E1B214142A3C2F360073C409 = {
						CreatedOnToolsVersion = 14.3.1;
						TestTargetID = E1B213F12A3C2F350073C409;
					};
				};
			};
			buildConfigurationList = E1B213ED2A3C2F350073C409 /* Build configuration list for PBXProject "TeachMeWeather" */;
			compatibilityVersion = "Xcode 14.0";
			developmentRegion = en;
			hasScannedForEncodings = 0;
			knownRegions = (
				en,
				Base,
			);
			mainGroup = E1B213E92A3C2F350073C409;
			productRefGroup = E1B213F32A3C2F350073C409 /* Products */;
			projectDirPath = "";
			projectRoot = "";
			targets = (
				E1B213F12A3C2F350073C409 /* TeachMeWeather */,
				E1B2140A2A3C2F360073C409 /* TeachMeWeatherTests */,
				E1B214142A3C2F360073C409 /* TeachMeWeatherUITests */,
			);
		};
/* End PBXProject section */

/* Begin PBXResourcesBuildPhase section */
		E1B213F02A3C2F350073C409 /* Resources */ = {
			isa = PBXResourcesBuildPhase;
			buildActionMask = 2147483647;
			files = (
				E1B214052A3C2F360073C409 /* LaunchScreen.storyboard in Resources */,
				E1B214022A3C2F360073C409 /* Assets.xcassets in Resources */,
				E1B213FD2A3C2F350073C409 /* Main.storyboard in Resources */,
			);
			runOnlyForDeploymentPostprocessing = 0;
		};
		E1B214092A3C2F360073C409 /* Resources */ = {
			isa = PBXResourcesBuildPhase;
			buildActionMask = 2147483647;
			files = (
			);
			runOnlyForDeploymentPostprocessing = 0;
		};
		E1B214132A3C2F360073C409 /* Resources */ = {
			isa = PBXResourcesBuildPhase;
			buildActionMask = 2147483647;
			files = (
			);
			runOnlyForDeploymentPostprocessing = 0;
		};
/* End PBXResourcesBuildPhase section */

/* Begin PBXShellScriptBuildPhase section */
		0403A3DC3A5C4ECE37AC253A /* [CP] Embed Pods Frameworks */ = {
			isa = PBXShellScriptBuildPhase;
			buildActionMask = 2147483647;
			files = (
			);
			inputFileListPaths = (
				"${PODS_ROOT}/Target Support Files/Pods-TeachMeWeather-TeachMeWeatherUITests/Pods-TeachMeWeather-TeachMeWeatherUITests-frameworks-${CONFIGURATION}-input-files.xcfilelist",
			);
			name = "[CP] Embed Pods Frameworks";
			outputFileListPaths = (
				"${PODS_ROOT}/Target Support Files/Pods-TeachMeWeather-TeachMeWeatherUITests/Pods-TeachMeWeather-TeachMeWeatherUITests-frameworks-${CONFIGURATION}-output-files.xcfilelist",
			);
			runOnlyForDeploymentPostprocessing = 0;
			shellPath = /bin/sh;
			shellScript = "\"${PODS_ROOT}/Target Support Files/Pods-TeachMeWeather-TeachMeWeatherUITests/Pods-TeachMeWeather-TeachMeWeatherUITests-frameworks.sh\"\n";
			showEnvVarsInLog = 0;
		};
		308C69E9CEF347DB7B8E3A35 /* [CP] Check Pods Manifest.lock */ = {
			isa = PBXShellScriptBuildPhase;
			buildActionMask = 2147483647;
			files = (
			);
			inputFileListPaths = (
			);
			inputPaths = (
				"${PODS_PODFILE_DIR_PATH}/Podfile.lock",
				"${PODS_ROOT}/Manifest.lock",
			);
			name = "[CP] Check Pods Manifest.lock";
			outputFileListPaths = (
			);
			outputPaths = (
				"$(DERIVED_FILE_DIR)/Pods-TeachMeWeather-checkManifestLockResult.txt",
			);
			runOnlyForDeploymentPostprocessing = 0;
			shellPath = /bin/sh;
			shellScript = "diff \"${PODS_PODFILE_DIR_PATH}/Podfile.lock\" \"${PODS_ROOT}/Manifest.lock\" > /dev/null\nif [ $? != 0 ] ; then\n    # print error to STDERR\n    echo \"error: The sandbox is not in sync with the Podfile.lock. Run 'pod install' or update your CocoaPods installation.\" >&2\n    exit 1\nfi\n# This output is used by Xcode 'outputs' to avoid re-running this script phase.\necho \"SUCCESS\" > \"${SCRIPT_OUTPUT_FILE_0}\"\n";
			showEnvVarsInLog = 0;
		};
		4CA37B7E8C638E1E8BF55017 /* [CP] Check Pods Manifest.lock */ = {
			isa = PBXShellScriptBuildPhase;
			buildActionMask = 2147483647;
			files = (
			);
			inputFileListPaths = (
			);
			inputPaths = (
				"${PODS_PODFILE_DIR_PATH}/Podfile.lock",
				"${PODS_ROOT}/Manifest.lock",
			);
			name = "[CP] Check Pods Manifest.lock";
			outputFileListPaths = (
			);
			outputPaths = (
				"$(DERIVED_FILE_DIR)/Pods-TeachMeWeatherTests-checkManifestLockResult.txt",
			);
			runOnlyForDeploymentPostprocessing = 0;
			shellPath = /bin/sh;
			shellScript = "diff \"${PODS_PODFILE_DIR_PATH}/Podfile.lock\" \"${PODS_ROOT}/Manifest.lock\" > /dev/null\nif [ $? != 0 ] ; then\n    # print error to STDERR\n    echo \"error: The sandbox is not in sync with the Podfile.lock. Run 'pod install' or update your CocoaPods installation.\" >&2\n    exit 1\nfi\n# This output is used by Xcode 'outputs' to avoid re-running this script phase.\necho \"SUCCESS\" > \"${SCRIPT_OUTPUT_FILE_0}\"\n";
			showEnvVarsInLog = 0;
		};
		CE657FD66887BFC75A48E4D7 /* [CP] Check Pods Manifest.lock */ = {
			isa = PBXShellScriptBuildPhase;
			buildActionMask = 2147483647;
			files = (
			);
			inputFileListPaths = (
			);
			inputPaths = (
				"${PODS_PODFILE_DIR_PATH}/Podfile.lock",
				"${PODS_ROOT}/Manifest.lock",
			);
			name = "[CP] Check Pods Manifest.lock";
			outputFileListPaths = (
			);
			outputPaths = (
				"$(DERIVED_FILE_DIR)/Pods-TeachMeWeather-TeachMeWeatherUITests-checkManifestLockResult.txt",
			);
			runOnlyForDeploymentPostprocessing = 0;
			shellPath = /bin/sh;
			shellScript = "diff \"${PODS_PODFILE_DIR_PATH}/Podfile.lock\" \"${PODS_ROOT}/Manifest.lock\" > /dev/null\nif [ $? != 0 ] ; then\n    # print error to STDERR\n    echo \"error: The sandbox is not in sync with the Podfile.lock. Run 'pod install' or update your CocoaPods installation.\" >&2\n    exit 1\nfi\n# This output is used by Xcode 'outputs' to avoid re-running this script phase.\necho \"SUCCESS\" > \"${SCRIPT_OUTPUT_FILE_0}\"\n";
			showEnvVarsInLog = 0;
		};
		FECEEEA4AE5E72388FB5E759 /* [CP] Embed Pods Frameworks */ = {
			isa = PBXShellScriptBuildPhase;
			buildActionMask = 2147483647;
			files = (
			);
			inputFileListPaths = (
				"${PODS_ROOT}/Target Support Files/Pods-TeachMeWeather/Pods-TeachMeWeather-frameworks-${CONFIGURATION}-input-files.xcfilelist",
			);
			name = "[CP] Embed Pods Frameworks";
			outputFileListPaths = (
				"${PODS_ROOT}/Target Support Files/Pods-TeachMeWeather/Pods-TeachMeWeather-frameworks-${CONFIGURATION}-output-files.xcfilelist",
			);
			runOnlyForDeploymentPostprocessing = 0;
			shellPath = /bin/sh;
			shellScript = "\"${PODS_ROOT}/Target Support Files/Pods-TeachMeWeather/Pods-TeachMeWeather-frameworks.sh\"\n";
			showEnvVarsInLog = 0;
		};
/* End PBXShellScriptBuildPhase section */

/* Begin PBXSourcesBuildPhase section */
		E1B213EE2A3C2F350073C409 /* Sources */ = {
			isa = PBXSourcesBuildPhase;
			buildActionMask = 2147483647;
			files = (
				E1B213FA2A3C2F350073C409 /* ViewController.swift in Sources */,
				E1B213F62A3C2F350073C409 /* AppDelegate.swift in Sources */,
				E1B214002A3C2F350073C409 /* TeachMeWeather.xcdatamodeld in Sources */,
				E1B213F82A3C2F350073C409 /* SceneDelegate.swift in Sources */,
			);
			runOnlyForDeploymentPostprocessing = 0;
		};
		E1B214072A3C2F360073C409 /* Sources */ = {
			isa = PBXSourcesBuildPhase;
			buildActionMask = 2147483647;
			files = (
				E1B214102A3C2F360073C409 /* TeachMeWeatherTests.swift in Sources */,
			);
			runOnlyForDeploymentPostprocessing = 0;
		};
		E1B214112A3C2F360073C409 /* Sources */ = {
			isa = PBXSourcesBuildPhase;
			buildActionMask = 2147483647;
			files = (
				E1B2141A2A3C2F360073C409 /* TeachMeWeatherUITests.swift in Sources */,
				E1B2141C2A3C2F360073C409 /* TeachMeWeatherUITestsLaunchTests.swift in Sources */,
			);
			runOnlyForDeploymentPostprocessing = 0;
		};
/* End PBXSourcesBuildPhase section */

/* Begin PBXTargetDependency section */
		E1B2140D2A3C2F360073C409 /* PBXTargetDependency */ = {
			isa = PBXTargetDependency;
			target = E1B213F12A3C2F350073C409 /* TeachMeWeather */;
			targetProxy = E1B2140C2A3C2F360073C409 /* PBXContainerItemProxy */;
		};
		E1B214172A3C2F360073C409 /* PBXTargetDependency */ = {
			isa = PBXTargetDependency;
			target = E1B213F12A3C2F350073C409 /* TeachMeWeather */;
			targetProxy = E1B214162A3C2F360073C409 /* PBXContainerItemProxy */;
		};
/* End PBXTargetDependency section */

/* Begin PBXVariantGroup section */
		E1B213FB2A3C2F350073C409 /* Main.storyboard */ = {
			isa = PBXVariantGroup;
			children = (
				E1B213FC2A3C2F350073C409 /* Base */,
			);
			name = Main.storyboard;
			sourceTree = "<group>";
		};
		E1B214032A3C2F360073C409 /* LaunchScreen.storyboard */ = {
			isa = PBXVariantGroup;
			children = (
				E1B214042A3C2F360073C409 /* Base */,
			);
			name = LaunchScreen.storyboard;
			sourceTree = "<group>";
		};
/* End PBXVariantGroup section */

/* Begin XCBuildConfiguration section */
		E1B2141D2A3C2F360073C409 /* Debug */ = {
			isa = XCBuildConfiguration;
			buildSettings = {
				ALWAYS_SEARCH_USER_PATHS = NO;
				CLANG_ANALYZER_NONNULL = YES;
				CLANG_ANALYZER_NUMBER_OBJECT_CONVERSION = YES_AGGRESSIVE;
				CLANG_CXX_LANGUAGE_STANDARD = "gnu++20";
				CLANG_ENABLE_MODULES = YES;
				CLANG_ENABLE_OBJC_ARC = YES;
				CLANG_ENABLE_OBJC_WEAK = YES;
				CLANG_WARN_BLOCK_CAPTURE_AUTORELEASING = YES;
				CLANG_WARN_BOOL_CONVERSION = YES;
				CLANG_WARN_COMMA = YES;
				CLANG_WARN_CONSTANT_CONVERSION = YES;
				CLANG_WARN_DEPRECATED_OBJC_IMPLEMENTATIONS = YES;
				CLANG_WARN_DIRECT_OBJC_ISA_USAGE = YES_ERROR;
				CLANG_WARN_DOCUMENTATION_COMMENTS = YES;
				CLANG_WARN_EMPTY_BODY = YES;
				CLANG_WARN_ENUM_CONVERSION = YES;
				CLANG_WARN_INFINITE_RECURSION = YES;
				CLANG_WARN_INT_CONVERSION = YES;
				CLANG_WARN_NON_LITERAL_NULL_CONVERSION = YES;
				CLANG_WARN_OBJC_IMPLICIT_RETAIN_SELF = YES;
				CLANG_WARN_OBJC_LITERAL_CONVERSION = YES;
				CLANG_WARN_OBJC_ROOT_CLASS = YES_ERROR;
				CLANG_WARN_QUOTED_INCLUDE_IN_FRAMEWORK_HEADER = YES;
				CLANG_WARN_RANGE_LOOP_ANALYSIS = YES;
				CLANG_WARN_STRICT_PROTOTYPES = YES;
				CLANG_WARN_SUSPICIOUS_MOVE = YES;
				CLANG_WARN_UNGUARDED_AVAILABILITY = YES_AGGRESSIVE;
				CLANG_WARN_UNREACHABLE_CODE = YES;
				CLANG_WARN__DUPLICATE_METHOD_MATCH = YES;
				COPY_PHASE_STRIP = NO;
				DEBUG_INFORMATION_FORMAT = dwarf;
				ENABLE_STRICT_OBJC_MSGSEND = YES;
				ENABLE_TESTABILITY = YES;
				GCC_C_LANGUAGE_STANDARD = gnu11;
				GCC_DYNAMIC_NO_PIC = NO;
				GCC_NO_COMMON_BLOCKS = YES;
				GCC_OPTIMIZATION_LEVEL = 0;
				GCC_PREPROCESSOR_DEFINITIONS = (
					"DEBUG=1",
					"$(inherited)",
				);
				GCC_WARN_64_TO_32_BIT_CONVERSION = YES;
				GCC_WARN_ABOUT_RETURN_TYPE = YES_ERROR;
				GCC_WARN_UNDECLARED_SELECTOR = YES;
				GCC_WARN_UNINITIALIZED_AUTOS = YES_AGGRESSIVE;
				GCC_WARN_UNUSED_FUNCTION = YES;
				GCC_WARN_UNUSED_VARIABLE = YES;
				IPHONEOS_DEPLOYMENT_TARGET = 16.4;
				MTL_ENABLE_DEBUG_INFO = INCLUDE_SOURCE;
				MTL_FAST_MATH = YES;
				ONLY_ACTIVE_ARCH = YES;
				SDKROOT = iphoneos;
				SWIFT_ACTIVE_COMPILATION_CONDITIONS = DEBUG;
				SWIFT_OPTIMIZATION_LEVEL = "-Onone";
			};
			name = Debug;
		};
		E1B2141E2A3C2F360073C409 /* Release */ = {
			isa = XCBuildConfiguration;
			buildSettings = {
				ALWAYS_SEARCH_USER_PATHS = NO;
				CLANG_ANALYZER_NONNULL = YES;
				CLANG_ANALYZER_NUMBER_OBJECT_CONVERSION = YES_AGGRESSIVE;
				CLANG_CXX_LANGUAGE_STANDARD = "gnu++20";
				CLANG_ENABLE_MODULES = YES;
				CLANG_ENABLE_OBJC_ARC = YES;
				CLANG_ENABLE_OBJC_WEAK = YES;
				CLANG_WARN_BLOCK_CAPTURE_AUTORELEASING = YES;
				CLANG_WARN_BOOL_CONVERSION = YES;
				CLANG_WARN_COMMA = YES;
				CLANG_WARN_CONSTANT_CONVERSION = YES;
				CLANG_WARN_DEPRECATED_OBJC_IMPLEMENTATIONS = YES;
				CLANG_WARN_DIRECT_OBJC_ISA_USAGE = YES_ERROR;
				CLANG_WARN_DOCUMENTATION_COMMENTS = YES;
				CLANG_WARN_EMPTY_BODY = YES;
				CLANG_WARN_ENUM_CONVERSION = YES;
				CLANG_WARN_INFINITE_RECURSION = YES;
				CLANG_WARN_INT_CONVERSION = YES;
				CLANG_WARN_NON_LITERAL_NULL_CONVERSION = YES;
				CLANG_WARN_OBJC_IMPLICIT_RETAIN_SELF = YES;
				CLANG_WARN_OBJC_LITERAL_CONVERSION = YES;
				CLANG_WARN_OBJC_ROOT_CLASS = YES_ERROR;
				CLANG_WARN_QUOTED_INCLUDE_IN_FRAMEWORK_HEADER = YES;
				CLANG_WARN_RANGE_LOOP_ANALYSIS = YES;
				CLANG_WARN_STRICT_PROTOTYPES = YES;
				CLANG_WARN_SUSPICIOUS_MOVE = YES;
				CLANG_WARN_UNGUARDED_AVAILABILITY = YES_AGGRESSIVE;
				CLANG_WARN_UNREACHABLE_CODE = YES;
				CLANG_WARN__DUPLICATE_METHOD_MATCH = YES;
				COPY_PHASE_STRIP = NO;
				DEBUG_INFORMATION_FORMAT = "dwarf-with-dsym";
				ENABLE_NS_ASSERTIONS = NO;
				ENABLE_STRICT_OBJC_MSGSEND = YES;
				GCC_C_LANGUAGE_STANDARD = gnu11;
				GCC_NO_COMMON_BLOCKS = YES;
				GCC_WARN_64_TO_32_BIT_CONVERSION = YES;
				GCC_WARN_ABOUT_RETURN_TYPE = YES_ERROR;
				GCC_WARN_UNDECLARED_SELECTOR = YES;
				GCC_WARN_UNINITIALIZED_AUTOS = YES_AGGRESSIVE;
				GCC_WARN_UNUSED_FUNCTION = YES;
				GCC_WARN_UNUSED_VARIABLE = YES;
				IPHONEOS_DEPLOYMENT_TARGET = 16.4;
				MTL_ENABLE_DEBUG_INFO = NO;
				MTL_FAST_MATH = YES;
				SDKROOT = iphoneos;
				SWIFT_COMPILATION_MODE = wholemodule;
				SWIFT_OPTIMIZATION_LEVEL = "-O";
				VALIDATE_PRODUCT = YES;
			};
			name = Release;
		};
		E1B214202A3C2F360073C409 /* Debug */ = {
			isa = XCBuildConfiguration;
			baseConfigurationReference = 38C07FD8846BA457928E6834 /* Pods-TeachMeWeather.debug.xcconfig */;
			buildSettings = {
				ASSETCATALOG_COMPILER_APPICON_NAME = AppIcon;
				ASSETCATALOG_COMPILER_GLOBAL_ACCENT_COLOR_NAME = AccentColor;
				CODE_SIGN_STYLE = Automatic;
				CURRENT_PROJECT_VERSION = 1;
				DEVELOPMENT_TEAM = 5KZ5C4UW39;
				GENERATE_INFOPLIST_FILE = YES;
				INFOPLIST_FILE = TeachMeWeather/Info.plist;
				INFOPLIST_KEY_UIApplicationSupportsIndirectInputEvents = YES;
				INFOPLIST_KEY_UILaunchStoryboardName = LaunchScreen;
				INFOPLIST_KEY_UIMainStoryboardFile = Main;
				INFOPLIST_KEY_UISupportedInterfaceOrientations_iPad = "UIInterfaceOrientationPortrait UIInterfaceOrientationPortraitUpsideDown UIInterfaceOrientationLandscapeLeft UIInterfaceOrientationLandscapeRight";
				INFOPLIST_KEY_UISupportedInterfaceOrientations_iPhone = "UIInterfaceOrientationPortrait UIInterfaceOrientationLandscapeLeft UIInterfaceOrientationLandscapeRight";
				IPHONEOS_DEPLOYMENT_TARGET = 15.0;
				LD_RUNPATH_SEARCH_PATHS = (
					"$(inherited)",
					"@executable_path/Frameworks",
				);
				MARKETING_VERSION = 1.0;
				PRODUCT_BUNDLE_IDENTIFIER = jy.TeachMeWeather;
				PRODUCT_NAME = "$(TARGET_NAME)";
				SWIFT_EMIT_LOC_STRINGS = YES;
				SWIFT_VERSION = 5.0;
				TARGETED_DEVICE_FAMILY = "1,2";
			};
			name = Debug;
		};
		E1B214212A3C2F360073C409 /* Release */ = {
			isa = XCBuildConfiguration;
			baseConfigurationReference = 6D18920322176C918AB0B33D /* Pods-TeachMeWeather.release.xcconfig */;
			buildSettings = {
				ASSETCATALOG_COMPILER_APPICON_NAME = AppIcon;
				ASSETCATALOG_COMPILER_GLOBAL_ACCENT_COLOR_NAME = AccentColor;
				CODE_SIGN_STYLE = Automatic;
				CURRENT_PROJECT_VERSION = 1;
				DEVELOPMENT_TEAM = 5KZ5C4UW39;
				GENERATE_INFOPLIST_FILE = YES;
				INFOPLIST_FILE = TeachMeWeather/Info.plist;
				INFOPLIST_KEY_UIApplicationSupportsIndirectInputEvents = YES;
				INFOPLIST_KEY_UILaunchStoryboardName = LaunchScreen;
				INFOPLIST_KEY_UIMainStoryboardFile = Main;
				INFOPLIST_KEY_UISupportedInterfaceOrientations_iPad = "UIInterfaceOrientationPortrait UIInterfaceOrientationPortraitUpsideDown UIInterfaceOrientationLandscapeLeft UIInterfaceOrientationLandscapeRight";
				INFOPLIST_KEY_UISupportedInterfaceOrientations_iPhone = "UIInterfaceOrientationPortrait UIInterfaceOrientationLandscapeLeft UIInterfaceOrientationLandscapeRight";
				IPHONEOS_DEPLOYMENT_TARGET = 15.0;
				LD_RUNPATH_SEARCH_PATHS = (
					"$(inherited)",
					"@executable_path/Frameworks",
				);
				MARKETING_VERSION = 1.0;
				PRODUCT_BUNDLE_IDENTIFIER = jy.TeachMeWeather;
				PRODUCT_NAME = "$(TARGET_NAME)";
				SWIFT_EMIT_LOC_STRINGS = YES;
				SWIFT_VERSION = 5.0;
				TARGETED_DEVICE_FAMILY = "1,2";
			};
			name = Release;
		};
		E1B214232A3C2F360073C409 /* Debug */ = {
			isa = XCBuildConfiguration;
			baseConfigurationReference = 67D7C6A846E70BBC4556CE8A /* Pods-TeachMeWeatherTests.debug.xcconfig */;
			buildSettings = {
				ALWAYS_EMBED_SWIFT_STANDARD_LIBRARIES = YES;
				BUNDLE_LOADER = "$(TEST_HOST)";
				CODE_SIGN_STYLE = Automatic;
				CURRENT_PROJECT_VERSION = 1;
				DEVELOPMENT_TEAM = 5KZ5C4UW39;
				GENERATE_INFOPLIST_FILE = YES;
				IPHONEOS_DEPLOYMENT_TARGET = 16.4;
				MARKETING_VERSION = 1.0;
				PRODUCT_BUNDLE_IDENTIFIER = jy.TeachMeWeatherTests;
				PRODUCT_NAME = "$(TARGET_NAME)";
				SWIFT_EMIT_LOC_STRINGS = NO;
				SWIFT_VERSION = 5.0;
				TARGETED_DEVICE_FAMILY = "1,2";
				TEST_HOST = "$(BUILT_PRODUCTS_DIR)/TeachMeWeather.app/$(BUNDLE_EXECUTABLE_FOLDER_PATH)/TeachMeWeather";
			};
			name = Debug;
		};
		E1B214242A3C2F360073C409 /* Release */ = {
			isa = XCBuildConfiguration;
			baseConfigurationReference = A09145B4AAB1489EDA2C5AEF /* Pods-TeachMeWeatherTests.release.xcconfig */;
			buildSettings = {
				ALWAYS_EMBED_SWIFT_STANDARD_LIBRARIES = YES;
				BUNDLE_LOADER = "$(TEST_HOST)";
				CODE_SIGN_STYLE = Automatic;
				CURRENT_PROJECT_VERSION = 1;
				DEVELOPMENT_TEAM = 5KZ5C4UW39;
				GENERATE_INFOPLIST_FILE = YES;
				IPHONEOS_DEPLOYMENT_TARGET = 16.4;
				MARKETING_VERSION = 1.0;
				PRODUCT_BUNDLE_IDENTIFIER = jy.TeachMeWeatherTests;
				PRODUCT_NAME = "$(TARGET_NAME)";
				SWIFT_EMIT_LOC_STRINGS = NO;
				SWIFT_VERSION = 5.0;
				TARGETED_DEVICE_FAMILY = "1,2";
				TEST_HOST = "$(BUILT_PRODUCTS_DIR)/TeachMeWeather.app/$(BUNDLE_EXECUTABLE_FOLDER_PATH)/TeachMeWeather";
			};
			name = Release;
		};
		E1B214262A3C2F360073C409 /* Debug */ = {
			isa = XCBuildConfiguration;
			baseConfigurationReference = BE4824EABA1C693635B9E1A3 /* Pods-TeachMeWeather-TeachMeWeatherUITests.debug.xcconfig */;
			buildSettings = {
				ALWAYS_EMBED_SWIFT_STANDARD_LIBRARIES = YES;
				CODE_SIGN_STYLE = Automatic;
				CURRENT_PROJECT_VERSION = 1;
				DEVELOPMENT_TEAM = 5KZ5C4UW39;
				GENERATE_INFOPLIST_FILE = YES;
				MARKETING_VERSION = 1.0;
				PRODUCT_BUNDLE_IDENTIFIER = jy.TeachMeWeatherUITests;
				PRODUCT_NAME = "$(TARGET_NAME)";
				SWIFT_EMIT_LOC_STRINGS = NO;
				SWIFT_VERSION = 5.0;
				TARGETED_DEVICE_FAMILY = "1,2";
				TEST_TARGET_NAME = TeachMeWeather;
			};
			name = Debug;
		};
		E1B214272A3C2F360073C409 /* Release */ = {
			isa = XCBuildConfiguration;
			baseConfigurationReference = 361B100C22AFBEB703497381 /* Pods-TeachMeWeather-TeachMeWeatherUITests.release.xcconfig */;
			buildSettings = {
				ALWAYS_EMBED_SWIFT_STANDARD_LIBRARIES = YES;
				CODE_SIGN_STYLE = Automatic;
				CURRENT_PROJECT_VERSION = 1;
				DEVELOPMENT_TEAM = 5KZ5C4UW39;
				GENERATE_INFOPLIST_FILE = YES;
				MARKETING_VERSION = 1.0;
				PRODUCT_BUNDLE_IDENTIFIER = jy.TeachMeWeatherUITests;
				PRODUCT_NAME = "$(TARGET_NAME)";
				SWIFT_EMIT_LOC_STRINGS = NO;
				SWIFT_VERSION = 5.0;
				TARGETED_DEVICE_FAMILY = "1,2";
				TEST_TARGET_NAME = TeachMeWeather;
			};
			name = Release;
		};
/* End XCBuildConfiguration section */

/* Begin XCConfigurationList section */
		E1B213ED2A3C2F350073C409 /* Build configuration list for PBXProject "TeachMeWeather" */ = {
			isa = XCConfigurationList;
			buildConfigurations = (
				E1B2141D2A3C2F360073C409 /* Debug */,
				E1B2141E2A3C2F360073C409 /* Release */,
			);
			defaultConfigurationIsVisible = 0;
			defaultConfigurationName = Release;
		};
		E1B2141F2A3C2F360073C409 /* Build configuration list for PBXNativeTarget "TeachMeWeather" */ = {
			isa = XCConfigurationList;
			buildConfigurations = (
				E1B214202A3C2F360073C409 /* Debug */,
				E1B214212A3C2F360073C409 /* Release */,
			);
			defaultConfigurationIsVisible = 0;
			defaultConfigurationName = Release;
		};
		E1B214222A3C2F360073C409 /* Build configuration list for PBXNativeTarget "TeachMeWeatherTests" */ = {
			isa = XCConfigurationList;
			buildConfigurations = (
				E1B214232A3C2F360073C409 /* Debug */,
				E1B214242A3C2F360073C409 /* Release */,
			);
			defaultConfigurationIsVisible = 0;
			defaultConfigurationName = Release;
		};
		E1B214252A3C2F360073C409 /* Build configuration list for PBXNativeTarget "TeachMeWeatherUITests" */ = {
			isa = XCConfigurationList;
			buildConfigurations = (
				E1B214262A3C2F360073C409 /* Debug */,
				E1B214272A3C2F360073C409 /* Release */,
			);
			defaultConfigurationIsVisible = 0;
			defaultConfigurationName = Release;
		};
/* End XCConfigurationList section */

/* Begin XCVersionGroup section */
		E1B213FE2A3C2F350073C409 /* TeachMeWeather.xcdatamodeld */ = {
			isa = XCVersionGroup;
			children = (
				E1B213FF2A3C2F350073C409 /* TeachMeWeather.xcdatamodel */,
			);
			currentVersion = E1B213FF2A3C2F350073C409 /* TeachMeWeather.xcdatamodel */;
			path = TeachMeWeather.xcdatamodeld;
			sourceTree = "<group>";
			versionGroupType = wrapper.xcdatamodel;
		};
/* End XCVersionGroup section */
	};
	rootObject = E1B213EA2A3C2F350073C409 /* Project object */;
}
